
Microsoft Visual Studio Solution File, Format Version 12.00
# Visual Studio Version 16
VisualStudioVersion = 16.0.33027.164
MinimumVisualStudioVersion = 10.0.40219.1
Project("{FAE04EC0-301F-11D3-BF4B-00C04F79EFBC}") = "apiGestores", "apiGestores.csproj", "{86BA3C69-C6E3-4C4A-880B-65DE2BA85964}"
EndProject
Global
	GlobalSection(SolutionConfigurationPlatforms) = preSolution
		Debug|Any CPU = Debug|Any CPU
		Release|Any CPU = Release|Any CPU
	EndGlobalSection
	GlobalSection(ProjectConfigurationPlatforms) = postSolution
		{86BA3C69-C6E3-4C4A-880B-65DE2BA85964}.Debug|Any CPU.ActiveCfg = Debug|Any CPU
		{86BA3C69-C6E3-4C4A-880B-65DE2BA85964}.Debug|Any CPU.Build.0 = Debug|Any CPU
		{86BA3C69-C6E3-4C4A-880B-65DE2BA85964}.Release|Any CPU.ActiveCfg = Release|Any CPU
		{86BA3C69-C6E3-4C4A-880B-65DE2BA85964}.Release|Any CPU.Build.0 = Release|Any CPU
	EndGlobalSection
	GlobalSection(SolutionProperties) = preSolution
		HideSolutionNode = FALSE
	EndGlobalSection
	GlobalSection(ExtensibilityGlobals) = postSolution
		SolutionGuid = {B02FFC17-D904-4C56-AD77-B92D6E70EC08}
	EndGlobalSection
EndGlobal
